
Microsoft Visual Studio Solution File, Format Version 12.00
# Visual Studio Version 17
VisualStudioVersion = 17.0.31903.59
MinimumVisualStudioVersion = 10.0.40219.1
Project("{FAE04EC0-301F-11D3-BF4B-00C04F79EFBC}") = "Inventorifo.App", "Inventorifo.App\Inventorifo.App.csproj", "{55B9E6CC-051A-41D7-B0A6-6FBDA01C5661}"
EndProject
Global
	GlobalSection(SolutionConfigurationPlatforms) = preSolution
		Debug|Any CPU = Debug|Any CPU
		Release|Any CPU = Release|Any CPU
	EndGlobalSection
	GlobalSection(SolutionProperties) = preSolution
		HideSolutionNode = FALSE
	EndGlobalSection
	GlobalSection(ProjectConfigurationPlatforms) = postSolution
		{55B9E6CC-051A-41D7-B0A6-6FBDA01C5661}.Debug|Any CPU.ActiveCfg = Debug|Any CPU
		{55B9E6CC-051A-41D7-B0A6-6FBDA01C5661}.Debug|Any CPU.Build.0 = Debug|Any CPU
		{55B9E6CC-051A-41D7-B0A6-6FBDA01C5661}.Release|Any CPU.ActiveCfg = Release|Any CPU
		{55B9E6CC-051A-41D7-B0A6-6FBDA01C5661}.Release|Any CPU.Build.0 = Release|Any CPU
	EndGlobalSection
EndGlobal
